
Microsoft Visual Studio Solution File, Format Version 12.00
# Visual Studio Version 17
VisualStudioVersion = 17.0.31903.59
MinimumVisualStudioVersion = 10.0.40219.1
Project("{FAE04EC0-301F-11D3-BF4B-00C04F79EFBC}") = "TravelJournal.Api", "TravelJournal.Api\TravelJournal.Api.csproj", "{E8ACAEAF-194F-4F40-8BE7-40D0C9B7EA0C}"
EndProject
Project("{FAE04EC0-301F-11D3-BF4B-00C04F79EFBC}") = "TravelJournal.Application", "TravelJournal.Application\TravelJournal.Application.csproj", "{3ECFEBB9-FFBD-4E23-90AE-31430CB6A654}"
EndProject
Project("{FAE04EC0-301F-11D3-BF4B-00C04F79EFBC}") = "TravelJournal.Domain", "TravelJournal.Domain\TravelJournal.Domain.csproj", "{1622FB38-6277-46E4-A391-378BEDE31C20}"
EndProject
Project("{FAE04EC0-301F-11D3-BF4B-00C04F79EFBC}") = "TravelJournal.Infrastructure", "TravelJournal.Infrastructure\TravelJournal.Infrastructure.csproj", "{4AC51553-A3C0-472A-AC03-EB2E79700A18}"
EndProject
Project("{FAE04EC0-301F-11D3-BF4B-00C04F79EFBC}") = "TravelJournal.Shared", "TravelJournal.Shared\TravelJournal.Shared.csproj", "{81ACE565-073B-41B8-86BF-B0B7EBFCCB81}"
EndProject
Global
	GlobalSection(SolutionConfigurationPlatforms) = preSolution
		Debug|Any CPU = Debug|Any CPU
		Release|Any CPU = Release|Any CPU
	EndGlobalSection
	GlobalSection(SolutionProperties) = preSolution
		HideSolutionNode = FALSE
	EndGlobalSection
	GlobalSection(ProjectConfigurationPlatforms) = postSolution
		{E8ACAEAF-194F-4F40-8BE7-40D0C9B7EA0C}.Debug|Any CPU.ActiveCfg = Debug|Any CPU
		{E8ACAEAF-194F-4F40-8BE7-40D0C9B7EA0C}.Debug|Any CPU.Build.0 = Debug|Any CPU
		{E8ACAEAF-194F-4F40-8BE7-40D0C9B7EA0C}.Release|Any CPU.ActiveCfg = Release|Any CPU
		{E8ACAEAF-194F-4F40-8BE7-40D0C9B7EA0C}.Release|Any CPU.Build.0 = Release|Any CPU
		{3ECFEBB9-FFBD-4E23-90AE-31430CB6A654}.Debug|Any CPU.ActiveCfg = Debug|Any CPU
		{3ECFEBB9-FFBD-4E23-90AE-31430CB6A654}.Debug|Any CPU.Build.0 = Debug|Any CPU
		{3ECFEBB9-FFBD-4E23-90AE-31430CB6A654}.Release|Any CPU.ActiveCfg = Release|Any CPU
		{3ECFEBB9-FFBD-4E23-90AE-31430CB6A654}.Release|Any CPU.Build.0 = Release|Any CPU
		{1622FB38-6277-46E4-A391-378BEDE31C20}.Debug|Any CPU.ActiveCfg = Debug|Any CPU
		{1622FB38-6277-46E4-A391-378BEDE31C20}.Debug|Any CPU.Build.0 = Debug|Any CPU
		{1622FB38-6277-46E4-A391-378BEDE31C20}.Release|Any CPU.ActiveCfg = Release|Any CPU
		{1622FB38-6277-46E4-A391-378BEDE31C20}.Release|Any CPU.Build.0 = Release|Any CPU
		{4AC51553-A3C0-472A-AC03-EB2E79700A18}.Debug|Any CPU.ActiveCfg = Debug|Any CPU
		{4AC51553-A3C0-472A-AC03-EB2E79700A18}.Debug|Any CPU.Build.0 = Debug|Any CPU
		{4AC51553-A3C0-472A-AC03-EB2E79700A18}.Release|Any CPU.ActiveCfg = Release|Any CPU
		{4AC51553-A3C0-472A-AC03-EB2E79700A18}.Release|Any CPU.Build.0 = Release|Any CPU
		{81ACE565-073B-41B8-86BF-B0B7EBFCCB81}.Debug|Any CPU.ActiveCfg = Debug|Any CPU
		{81ACE565-073B-41B8-86BF-B0B7EBFCCB81}.Debug|Any CPU.Build.0 = Debug|Any CPU
		{81ACE565-073B-41B8-86BF-B0B7EBFCCB81}.Release|Any CPU.ActiveCfg = Release|Any CPU
		{81ACE565-073B-41B8-86BF-B0B7EBFCCB81}.Release|Any CPU.Build.0 = Release|Any CPU
	EndGlobalSection
EndGlobal
